
Microsoft Visual Studio Solution File, Format Version 12.00
# Visual Studio 2012
Project("{FAE04EC0-301F-11D3-BF4B-00C04F79EFBC}") = "EJEMPLO_PRACTICAS", "EJEMPLO_PRACTICAS\EJEMPLO_PRACTICAS.csproj", "{4964168F-B6B8-4E6D-8841-2AC0F8F5523D}"
EndProject
Global
	GlobalSection(SolutionConfigurationPlatforms) = preSolution
		Debug|Any CPU = Debug|Any CPU
		Release|Any CPU = Release|Any CPU
	EndGlobalSection
	GlobalSection(ProjectConfigurationPlatforms) = postSolution
		{4964168F-B6B8-4E6D-8841-2AC0F8F5523D}.Debug|Any CPU.ActiveCfg = Debug|Any CPU
		{4964168F-B6B8-4E6D-8841-2AC0F8F5523D}.Debug|Any CPU.Build.0 = Debug|Any CPU
		{4964168F-B6B8-4E6D-8841-2AC0F8F5523D}.Release|Any CPU.ActiveCfg = Release|Any CPU
		{4964168F-B6B8-4E6D-8841-2AC0F8F5523D}.Release|Any CPU.Build.0 = Release|Any CPU
	EndGlobalSection
	GlobalSection(SolutionProperties) = preSolution
		HideSolutionNode = FALSE
	EndGlobalSection
EndGlobal
